
Microsoft Visual Studio Solution File, Format Version 12.00
# Visual Studio Version 17
VisualStudioVersion = 17.1.32319.34
MinimumVisualStudioVersion = 10.0.40219.1
Project("{9A19103F-16F7-4668-BE54-9A1E7A4F7556}") = "Slim", "Slim\Slim.csproj", "{04F435A2-BEF9-4F49-9D1A-EC1AEFCC3088}"
EndProject
Project("{9A19103F-16F7-4668-BE54-9A1E7A4F7556}") = "Slim.Tests", "Slim.Tests\Slim.Tests.csproj", "{F03F7353-0BD5-4691-A318-BC6FC93AB00E}"
	ProjectSection(ProjectDependencies) = postProject
		{04F435A2-BEF9-4F49-9D1A-EC1AEFCC3088} = {04F435A2-BEF9-4F49-9D1A-EC1AEFCC3088}
	EndProjectSection
EndProject
Project("{2150E333-8FDC-42A3-9474-1A3956D46DE8}") = "Pipelines", "Pipelines", "{04D9F456-6AE5-4880-B4BB-89FF3B084585}"
	ProjectSection(SolutionItems) = preProject
		.github\workflows\cd.yaml = .github\workflows\cd.yaml
		.github\workflows\ci.yaml = .github\workflows\ci.yaml
	EndProjectSection
EndProject
Project("{9A19103F-16F7-4668-BE54-9A1E7A4F7556}") = "Slim.Integration", "Slim.Integration\Slim.Integration.csproj", "{13975492-5299-4589-91C1-C33E4FCEDD72}"
EndProject
Project("{2150E333-8FDC-42A3-9474-1A3956D46DE8}") = "Solution Items", "Solution Items", "{D20E2AFD-6BE0-4CCC-AD87-D2961CD1763B}"
	ProjectSection(SolutionItems) = preProject
		.editorconfig = .editorconfig
	EndProjectSection
EndProject
Project("{FAE04EC0-301F-11D3-BF4B-00C04F79EFBC}") = "Slim.Integration.Tests", "Slim.Integration.Tests\Slim.Integration.Tests.csproj", "{5B839C6E-7C50-4E39-A010-83CEABA3F1C9}"
EndProject
Global
	GlobalSection(SolutionConfigurationPlatforms) = preSolution
		Debug|Any CPU = Debug|Any CPU
		Release|Any CPU = Release|Any CPU
	EndGlobalSection
	GlobalSection(ProjectConfigurationPlatforms) = postSolution
		{04F435A2-BEF9-4F49-9D1A-EC1AEFCC3088}.Debug|Any CPU.ActiveCfg = Debug|Any CPU
		{04F435A2-BEF9-4F49-9D1A-EC1AEFCC3088}.Debug|Any CPU.Build.0 = Debug|Any CPU
		{04F435A2-BEF9-4F49-9D1A-EC1AEFCC3088}.Release|Any CPU.ActiveCfg = Release|Any CPU
		{04F435A2-BEF9-4F49-9D1A-EC1AEFCC3088}.Release|Any CPU.Build.0 = Release|Any CPU
		{F03F7353-0BD5-4691-A318-BC6FC93AB00E}.Debug|Any CPU.ActiveCfg = Debug|Any CPU
		{F03F7353-0BD5-4691-A318-BC6FC93AB00E}.Debug|Any CPU.Build.0 = Debug|Any CPU
		{F03F7353-0BD5-4691-A318-BC6FC93AB00E}.Release|Any CPU.ActiveCfg = Release|Any CPU
		{F03F7353-0BD5-4691-A318-BC6FC93AB00E}.Release|Any CPU.Build.0 = Release|Any CPU
		{13975492-5299-4589-91C1-C33E4FCEDD72}.Debug|Any CPU.ActiveCfg = Debug|Any CPU
		{13975492-5299-4589-91C1-C33E4FCEDD72}.Debug|Any CPU.Build.0 = Debug|Any CPU
		{13975492-5299-4589-91C1-C33E4FCEDD72}.Release|Any CPU.ActiveCfg = Release|Any CPU
		{13975492-5299-4589-91C1-C33E4FCEDD72}.Release|Any CPU.Build.0 = Release|Any CPU
		{5B839C6E-7C50-4E39-A010-83CEABA3F1C9}.Debug|Any CPU.ActiveCfg = Debug|Any CPU
		{5B839C6E-7C50-4E39-A010-83CEABA3F1C9}.Debug|Any CPU.Build.0 = Debug|Any CPU
		{5B839C6E-7C50-4E39-A010-83CEABA3F1C9}.Release|Any CPU.ActiveCfg = Release|Any CPU
		{5B839C6E-7C50-4E39-A010-83CEABA3F1C9}.Release|Any CPU.Build.0 = Release|Any CPU
	EndGlobalSection
	GlobalSection(SolutionProperties) = preSolution
		HideSolutionNode = FALSE
	EndGlobalSection
	GlobalSection(ExtensibilityGlobals) = postSolution
		SolutionGuid = {7AFB862F-628C-42A2-8499-A9C28E3BBBA7}
	EndGlobalSection
EndGlobal
